
Microsoft Visual Studio Solution File, Format Version 12.00
# Visual Studio Version 16
VisualStudioVersion = 16.0.31402.337
MinimumVisualStudioVersion = 10.0.40219.1
Project("{9A19103F-16F7-4668-BE54-9A1E7A4F7556}") = "DesignPatterns2021", "DesignPatterns2021\DesignPatterns2021.csproj", "{1FA8A192-59DE-4362-9B08-9C3C21EC7A26}"
EndProject
Project("{9A19103F-16F7-4668-BE54-9A1E7A4F7556}") = "DesignPatternsExecutavel", "Console\DesignPatternsExecutavel.csproj", "{32E02D2E-29FD-4A72-84FC-5DD5A979C2F1}"
EndProject
Global
	GlobalSection(SolutionConfigurationPlatforms) = preSolution
		Debug|Any CPU = Debug|Any CPU
		Release|Any CPU = Release|Any CPU
	EndGlobalSection
	GlobalSection(ProjectConfigurationPlatforms) = postSolution
		{1FA8A192-59DE-4362-9B08-9C3C21EC7A26}.Debug|Any CPU.ActiveCfg = Debug|Any CPU
		{1FA8A192-59DE-4362-9B08-9C3C21EC7A26}.Debug|Any CPU.Build.0 = Debug|Any CPU
		{1FA8A192-59DE-4362-9B08-9C3C21EC7A26}.Release|Any CPU.ActiveCfg = Release|Any CPU
		{1FA8A192-59DE-4362-9B08-9C3C21EC7A26}.Release|Any CPU.Build.0 = Release|Any CPU
		{32E02D2E-29FD-4A72-84FC-5DD5A979C2F1}.Debug|Any CPU.ActiveCfg = Debug|Any CPU
		{32E02D2E-29FD-4A72-84FC-5DD5A979C2F1}.Debug|Any CPU.Build.0 = Debug|Any CPU
		{32E02D2E-29FD-4A72-84FC-5DD5A979C2F1}.Release|Any CPU.ActiveCfg = Release|Any CPU
		{32E02D2E-29FD-4A72-84FC-5DD5A979C2F1}.Release|Any CPU.Build.0 = Release|Any CPU
	EndGlobalSection
	GlobalSection(SolutionProperties) = preSolution
		HideSolutionNode = FALSE
	EndGlobalSection
	GlobalSection(ExtensibilityGlobals) = postSolution
		SolutionGuid = {0A4B8257-1E01-4072-BCC7-4FB642E065BF}
	EndGlobalSection
EndGlobal
